{
  "object": {
    "pins": [
      {
        "package": "JTAppleCalendar",
        "repositoryURL": "https://github.com/patchthecode/JTAppleCalendar.git",
        "state": {
          "branch": "master",
          "revision": "adbb2da9d3215be6824d0b5ea82e0022636acd64",
          "version": null
        }
      }
    ]
  },
  "version": 1
}
